
Microsoft Visual Studio Solution File, Format Version 12.00
# Visual Studio Version 18
VisualStudioVersion = 18.0.11205.157 d18.0
MinimumVisualStudioVersion = 10.0.40219.1
Project("{FAE04EC0-301F-11D3-BF4B-00C04F79EFBC}") = "Obligatorio 2", "Obligatorio 2\Obligatorio 2.csproj", "{7EA9FC03-EB99-409B-A4CB-85EA81386DCB}"
EndProject
Global
	GlobalSection(SolutionConfigurationPlatforms) = preSolution
		Debug|Any CPU = Debug|Any CPU
		Release|Any CPU = Release|Any CPU
	EndGlobalSection
	GlobalSection(ProjectConfigurationPlatforms) = postSolution
		{7EA9FC03-EB99-409B-A4CB-85EA81386DCB}.Debug|Any CPU.ActiveCfg = Debug|Any CPU
		{7EA9FC03-EB99-409B-A4CB-85EA81386DCB}.Debug|Any CPU.Build.0 = Debug|Any CPU
		{7EA9FC03-EB99-409B-A4CB-85EA81386DCB}.Release|Any CPU.ActiveCfg = Release|Any CPU
		{7EA9FC03-EB99-409B-A4CB-85EA81386DCB}.Release|Any CPU.Build.0 = Release|Any CPU
	EndGlobalSection
	GlobalSection(SolutionProperties) = preSolution
		HideSolutionNode = FALSE
	EndGlobalSection
	GlobalSection(ExtensibilityGlobals) = postSolution
		SolutionGuid = {CB4E2E02-C0B3-4CCA-9B26-C4B8D50974D9}
	EndGlobalSection
EndGlobal
